cookbook 'build-service', :path => '/Users/zimbatm/code/panda/paas/build-service'
cookbook 'machine-base', :git => 'git://github.com/zimbatm/machine-base.git', :ref => '4e53c9fce26970d8dc071469e94cb452fb3ad552'
cookbook 'jenkins', :git => 'git://github.com/zimbatm/chef-jenkins.git', :ref => '02147a5c24a2278d5dec155c1bd0993828be9903'
cookbook 'nginx', :locked_version => '1.2.0'
cookbook 'bluepill', :locked_version => '2.2.0'
cookbook 'rsyslog', :locked_version => '1.1.0'
cookbook 'yum', :locked_version => '1.0.0'
cookbook 'runit', :locked_version => '0.15.0'
cookbook 'build-essential', :locked_version => '1.1.2'
cookbook 'ohai', :locked_version => '1.1.6'
cookbook 'logrotate', :locked_version => '0.8.2'
cookbook 'motd-tail', :locked_version => '1.1.0'
cookbook 'openssh', :locked_version => '1.0.0'
cookbook 'python', :locked_version => '1.0.8'
cookbook 'apt', :locked_version => '1.4.8'
cookbook 'java', :locked_version => '1.6.0'
cookbook 'iptables', :locked_version => '0.11.0'
